// !$*UTF8*$!
{
	archiveVersion = 1;
	classes = {};
	objectVersion = 56;
	objects = {

/* Begin PBXBuildFile section */
		/* MatrixRainApp */
		B10000000000000100000007 /* Assets.xcassets in Resources */ = {isa = PBXBuildFile; fileRef = B1000000000000100000007 /* Assets.xcassets */; };
		B10000000000000100000008 /* MatrixRainVideoSaver.saver in Copy Saver */ = {isa = PBXBuildFile; fileRef = D1000000000000300000000 /* MatrixRainVideoSaver.saver */; };
		B10000000000000100000000 /* MatrixRainApp.swift in Sources */ = {isa = PBXBuildFile; fileRef = B1000000000000100000000 /* MatrixRainApp.swift */; };
		B10000000000000100000001 /* ContentView.swift in Sources */ = {isa = PBXBuildFile; fileRef = B1000000000000100000001 /* ContentView.swift */; };
		B10000000000000100000002 /* SettingsView.swift in Sources */ = {isa = PBXBuildFile; fileRef = B1000000000000100000002 /* SettingsView.swift */; };
		B10000000000000100000003 /* ExportSheet.swift in Sources */ = {isa = PBXBuildFile; fileRef = B1000000000000100000003 /* ExportSheet.swift */; };
		B10000000000000100000004 /* MatrixRainExporter.swift in Sources */ = {isa = PBXBuildFile; fileRef = B1000000000000100000004 /* MatrixRainExporter.swift */; };
		B10000000000000100000005 /* MatrixSettings.swift in Sources */ = {isa = PBXBuildFile; fileRef = A1000000000000100000002 /* MatrixSettings.swift */; };
		B10000000000000100000006 /* MatrixRainRenderer.swift in Sources */ = {isa = PBXBuildFile; fileRef = C1000000000000100000000 /* MatrixRainRenderer.swift */; };
		/* MatrixRainVideoSaver */
		D10000000000000100000000 /* MatrixRainVideoSaverView.swift in Sources */ = {isa = PBXBuildFile; fileRef = D1000000000000100000000 /* MatrixRainVideoSaverView.swift */; };
		D10000000000000100000001 /* ScreenSaver.framework in Frameworks */ = {isa = PBXBuildFile; fileRef = A1000000000000200000000 /* ScreenSaver.framework */; };
		D10000000000000100000002 /* AVFoundation.framework in Frameworks */ = {isa = PBXBuildFile; fileRef = D1000000000000200000000 /* AVFoundation.framework */; };
/* End PBXBuildFile section */

/* Begin PBXFileReference section */
		/* MatrixRainCore */
		A1000000000000100000002 /* MatrixSettings.swift */ = {isa = PBXFileReference; lastKnownFileType = sourcecode.swift; path = MatrixSettings.swift; sourceTree = "<group>"; };
		A1000000000000200000000 /* ScreenSaver.framework */ = {isa = PBXFileReference; lastKnownFileType = wrapper.framework; name = ScreenSaver.framework; path = System/Library/Frameworks/ScreenSaver.framework; sourceTree = SDKROOT; };
		/* MatrixRainApp */
		B1000000000000100000000 /* MatrixRainApp.swift */ = {isa = PBXFileReference; lastKnownFileType = sourcecode.swift; path = MatrixRainApp.swift; sourceTree = "<group>"; };
		B1000000000000100000001 /* ContentView.swift */ = {isa = PBXFileReference; lastKnownFileType = sourcecode.swift; path = ContentView.swift; sourceTree = "<group>"; };
		B1000000000000100000002 /* SettingsView.swift */ = {isa = PBXFileReference; lastKnownFileType = sourcecode.swift; path = SettingsView.swift; sourceTree = "<group>"; };
		B1000000000000100000003 /* ExportSheet.swift */ = {isa = PBXFileReference; lastKnownFileType = sourcecode.swift; path = ExportSheet.swift; sourceTree = "<group>"; };
		B1000000000000100000004 /* MatrixRainExporter.swift */ = {isa = PBXFileReference; lastKnownFileType = sourcecode.swift; path = MatrixRainExporter.swift; sourceTree = "<group>"; };
		B1000000000000100000007 /* Assets.xcassets */ = {isa = PBXFileReference; lastKnownFileType = folder.assetcatalog; path = Assets.xcassets; sourceTree = "<group>"; };
		B1000000000000300000000 /* MatrixRain.app */ = {isa = PBXFileReference; explicitFileType = wrapper.application; includeInIndex = 0; path = MatrixRain.app; sourceTree = BUILT_PRODUCTS_DIR; };
		/* MatrixRainCore */
		C1000000000000100000000 /* MatrixRainRenderer.swift */ = {isa = PBXFileReference; lastKnownFileType = sourcecode.swift; path = MatrixRainRenderer.swift; sourceTree = "<group>"; };
		/* MatrixRainVideoSaver */
		D1000000000000100000000 /* MatrixRainVideoSaverView.swift */ = {isa = PBXFileReference; lastKnownFileType = sourcecode.swift; path = MatrixRainVideoSaverView.swift; sourceTree = "<group>"; };
		D1000000000000100000001 /* Info.plist */ = {isa = PBXFileReference; lastKnownFileType = text.plist.xml; path = Info.plist; sourceTree = "<group>"; };
		D1000000000000200000000 /* AVFoundation.framework */ = {isa = PBXFileReference; lastKnownFileType = wrapper.framework; name = AVFoundation.framework; path = System/Library/Frameworks/AVFoundation.framework; sourceTree = SDKROOT; };
		D1000000000000300000000 /* MatrixRainVideoSaver.saver */ = {isa = PBXFileReference; explicitFileType = wrapper.bundle; includeInIndex = 0; path = MatrixRainVideoSaver.saver; sourceTree = BUILT_PRODUCTS_DIR; };
/* End PBXFileReference section */

/* Begin PBXFrameworksBuildPhase section */
		B1000000000000400000000 /* Frameworks */ = {
			isa = PBXFrameworksBuildPhase;
			buildActionMask = 2147483647;
			files = (
			);
			runOnlyForDeploymentPostprocessing = 0;
		};
		D1000000000000400000000 /* Frameworks */ = {
			isa = PBXFrameworksBuildPhase;
			buildActionMask = 2147483647;
			files = (
				D10000000000000100000001 /* ScreenSaver.framework in Frameworks */,
				D10000000000000100000002 /* AVFoundation.framework in Frameworks */,
			);
			runOnlyForDeploymentPostprocessing = 0;
		};
/* End PBXFrameworksBuildPhase section */

/* Begin PBXResourcesBuildPhase section */
		B1000000000000900000001 /* Resources */ = {
			isa = PBXResourcesBuildPhase;
			buildActionMask = 2147483647;
			files = (
				B10000000000000100000007 /* Assets.xcassets in Resources */,
			);
			runOnlyForDeploymentPostprocessing = 0;
		};
/* End PBXResourcesBuildPhase section */

/* Begin PBXCopyFilesBuildPhase section */
		B1000000000000900000002 /* Copy Saver */ = {
			isa = PBXCopyFilesBuildPhase;
			buildActionMask = 2147483647;
			dstPath = "";
			dstSubfolderSpec = 7;
			files = (
				B10000000000000100000008 /* MatrixRainVideoSaver.saver in Copy Saver */,
			);
			name = "Copy Saver";
			runOnlyForDeploymentPostprocessing = 0;
		};
/* End PBXCopyFilesBuildPhase section */

/* Begin PBXGroup section */
		A1000000000000500000000 = {
			isa = PBXGroup;
			children = (
				B1000000000000500000001 /* MatrixRainApp */,
				C1000000000000500000001 /* MatrixRainCore */,
				D1000000000000500000001 /* MatrixRainVideoSaver */,
				A1000000000000500000002 /* Frameworks */,
				A1000000000000500000003 /* Products */,
			);
			sourceTree = "<group>";
		};
		A1000000000000500000002 /* Frameworks */ = {
			isa = PBXGroup;
			children = (
				A1000000000000200000000 /* ScreenSaver.framework */,
				D1000000000000200000000 /* AVFoundation.framework */,
			);
			name = Frameworks;
			sourceTree = "<group>";
		};
		A1000000000000500000003 /* Products */ = {
			isa = PBXGroup;
			children = (
				B1000000000000300000000 /* MatrixRain.app */,
				D1000000000000300000000 /* MatrixRainVideoSaver.saver */,
			);
			name = Products;
			sourceTree = "<group>";
		};
		B1000000000000500000001 /* MatrixRainApp */ = {
			isa = PBXGroup;
			children = (
				B1000000000000100000000 /* MatrixRainApp.swift */,
				B1000000000000100000001 /* ContentView.swift */,
				B1000000000000100000002 /* SettingsView.swift */,
				B1000000000000100000003 /* ExportSheet.swift */,
				B1000000000000100000004 /* MatrixRainExporter.swift */,
				B1000000000000100000007 /* Assets.xcassets */,
			);
			path = MatrixRainApp;
			sourceTree = "<group>";
		};
		C1000000000000500000001 /* MatrixRainCore */ = {
			isa = PBXGroup;
			children = (
				C1000000000000100000000 /* MatrixRainRenderer.swift */,
				A1000000000000100000002 /* MatrixSettings.swift */,
			);
			path = MatrixRainCore;
			sourceTree = "<group>";
		};
		D1000000000000500000001 /* MatrixRainVideoSaver */ = {
			isa = PBXGroup;
			children = (
				D1000000000000100000000 /* MatrixRainVideoSaverView.swift */,
				D1000000000000100000001 /* Info.plist */,
			);
			path = MatrixRainVideoSaver;
			sourceTree = "<group>";
		};
/* End PBXGroup section */

/* Begin PBXNativeTarget section */
		B1000000000000600000000 /* MatrixRainApp */ = {
			isa = PBXNativeTarget;
			buildConfigurationList = B1000000000000700000000 /* Build configuration list for PBXNativeTarget "MatrixRainApp" */;
			buildPhases = (
				B1000000000000800000000 /* Sources */,
				B1000000000000400000000 /* Frameworks */,
				B1000000000000900000001 /* Resources */,
				B1000000000000900000002 /* Copy Saver */,
			);
			buildRules = (
			);
			dependencies = (
				B1000000000000B00000000 /* PBXTargetDependency */,
			);
			name = MatrixRainApp;
			productName = MatrixRain;
			productReference = B1000000000000300000000 /* MatrixRain.app */;
			productType = "com.apple.product-type.application";
		};
		D1000000000000600000000 /* MatrixRainVideoSaver */ = {
			isa = PBXNativeTarget;
			buildConfigurationList = D1000000000000700000000 /* Build configuration list for PBXNativeTarget "MatrixRainVideoSaver" */;
			buildPhases = (
				D1000000000000800000000 /* Sources */,
				D1000000000000400000000 /* Frameworks */,
			);
			buildRules = (
			);
			dependencies = (
			);
			name = MatrixRainVideoSaver;
			productName = MatrixRainVideoSaver;
			productReference = D1000000000000300000000 /* MatrixRainVideoSaver.saver */;
			productType = "com.apple.product-type.bundle";
		};
/* End PBXNativeTarget section */

/* Begin PBXContainerItemProxy section */
		B1000000000000C00000000 /* PBXContainerItemProxy */ = {
			isa = PBXContainerItemProxy;
			containerPortal = A1000000000000900000000 /* Project object */;
			proxyType = 1;
			remoteGlobalIDString = D1000000000000600000000;
			remoteInfo = MatrixRainVideoSaver;
		};
/* End PBXContainerItemProxy section */

/* Begin PBXTargetDependency section */
		B1000000000000B00000000 /* PBXTargetDependency */ = {
			isa = PBXTargetDependency;
			target = D1000000000000600000000 /* MatrixRainVideoSaver */;
			targetProxy = B1000000000000C00000000 /* PBXContainerItemProxy */;
		};
/* End PBXTargetDependency section */

/* Begin PBXProject section */
		A1000000000000900000000 /* Project object */ = {
			isa = PBXProject;
			attributes = {
				BuildIndependentTargetsInParallel = 1;
				LastSwiftUpdateCheck = 1540;
				LastUpgradeCheck = 1540;
				TargetAttributes = {
					B1000000000000600000000 = {
						CreatedOnToolsVersion = 15.4;
					};
					D1000000000000600000000 = {
						CreatedOnToolsVersion = 15.4;
					};
				};
			};
			buildConfigurationList = A1000000000000700000001 /* Build configuration list for PBXProject "MatrixRain" */;
			compatibilityVersion = "Xcode 14.0";
			developmentRegion = en;
			hasScannedForEncodings = 0;
			knownRegions = (
				en,
				Base,
			);
			mainGroup = A1000000000000500000000;
			productRefGroup = A1000000000000500000003 /* Products */;
			projectDirPath = "";
			projectRoot = "";
			targets = (
				B1000000000000600000000 /* MatrixRainApp */,
				D1000000000000600000000 /* MatrixRainVideoSaver */,
			);
		};
/* End PBXProject section */

/* Begin PBXSourcesBuildPhase section */
		B1000000000000800000000 /* Sources */ = {
			isa = PBXSourcesBuildPhase;
			buildActionMask = 2147483647;
			files = (
				B10000000000000100000000 /* MatrixRainApp.swift in Sources */,
				B10000000000000100000001 /* ContentView.swift in Sources */,
				B10000000000000100000002 /* SettingsView.swift in Sources */,
				B10000000000000100000003 /* ExportSheet.swift in Sources */,
				B10000000000000100000004 /* MatrixRainExporter.swift in Sources */,
				B10000000000000100000005 /* MatrixSettings.swift in Sources */,
				B10000000000000100000006 /* MatrixRainRenderer.swift in Sources */,
			);
			runOnlyForDeploymentPostprocessing = 0;
		};
		D1000000000000800000000 /* Sources */ = {
			isa = PBXSourcesBuildPhase;
			buildActionMask = 2147483647;
			files = (
				D10000000000000100000000 /* MatrixRainVideoSaverView.swift in Sources */,
			);
			runOnlyForDeploymentPostprocessing = 0;
		};
/* End PBXSourcesBuildPhase section */

/* Begin XCBuildConfiguration section */
		/* Project configs */
		A1000000000000A00000002 /* Debug */ = {
			isa = XCBuildConfiguration;
			buildSettings = {
				ARCHS = "$(ARCHS_STANDARD)";
				CODE_SIGNING_ALLOWED = NO;
				DEVELOPMENT_TEAM = "";
				OTHER_LDFLAGS = (
					"-framework",
					"ScreenSaver",
				);
				SDKROOT = macosx;
			};
			name = Debug;
		};
		A1000000000000A00000003 /* Release */ = {
			isa = XCBuildConfiguration;
			buildSettings = {
				ARCHS = "$(ARCHS_STANDARD)";
				CODE_SIGNING_ALLOWED = NO;
				DEVELOPMENT_TEAM = "";
				OTHER_LDFLAGS = (
					"-framework",
					"ScreenSaver",
				);
				SDKROOT = macosx;
			};
			name = Release;
		};
		/* MatrixRainApp target configs */
		B1000000000000A00000000 /* Debug */ = {
			isa = XCBuildConfiguration;
			buildSettings = {
				ARCHS = "$(ARCHS_STANDARD)";
				ASSETCATALOG_COMPILER_APPICON_NAME = AppIcon;
				CLANG_ENABLE_OBJC_ARC = YES;
				CODE_SIGNING_ALLOWED = YES;
				CODE_SIGN_STYLE = Automatic;
				COMBINE_HIDPI_IMAGES = YES;
				DEBUG_INFORMATION_FORMAT = dwarf;
				GENERATE_INFOPLIST_FILE = YES;
				INFOPLIST_KEY_CFBundleDisplayName = "Matrix Rain";
				INFOPLIST_KEY_LSApplicationCategoryType = "public.app-category.utilities";
				INFOPLIST_KEY_NSHumanReadableCopyright = "";
				INFOPLIST_KEY_NSMainStoryboardFile = "";
				INFOPLIST_KEY_NSPrincipalClass = NSApplication;
				LD_RUNPATH_SEARCH_PATHS = (
					"$(inherited)",
					"@executable_path/../Frameworks",
				);
				MACOSX_DEPLOYMENT_TARGET = 14.0;
				PRODUCT_BUNDLE_IDENTIFIER = com.matrixy.app;
				PRODUCT_NAME = MatrixRain;
				SDKROOT = macosx;
				SKIP_INSTALL = NO;
				SWIFT_EMIT_LOC_STRINGS = YES;
				SWIFT_VERSION = 5.0;
			};
			name = Debug;
		};
		B1000000000000A00000001 /* Release */ = {
			isa = XCBuildConfiguration;
			buildSettings = {
				ARCHS = "$(ARCHS_STANDARD)";
				ASSETCATALOG_COMPILER_APPICON_NAME = AppIcon;
				CLANG_ENABLE_OBJC_ARC = YES;
				CODE_SIGNING_ALLOWED = YES;
				CODE_SIGN_STYLE = Automatic;
				COMBINE_HIDPI_IMAGES = YES;
				GENERATE_INFOPLIST_FILE = YES;
				INFOPLIST_KEY_CFBundleDisplayName = "Matrix Rain";
				INFOPLIST_KEY_LSApplicationCategoryType = "public.app-category.utilities";
				INFOPLIST_KEY_NSHumanReadableCopyright = "";
				INFOPLIST_KEY_NSMainStoryboardFile = "";
				INFOPLIST_KEY_NSPrincipalClass = NSApplication;
				LD_RUNPATH_SEARCH_PATHS = (
					"$(inherited)",
					"@executable_path/../Frameworks",
				);
				MACOSX_DEPLOYMENT_TARGET = 14.0;
				PRODUCT_BUNDLE_IDENTIFIER = com.matrixy.app;
				PRODUCT_NAME = MatrixRain;
				SDKROOT = macosx;
				SKIP_INSTALL = NO;
				SWIFT_EMIT_LOC_STRINGS = YES;
				SWIFT_VERSION = 5.0;
			};
			name = Release;
		};
		/* MatrixRainVideoSaver target configs */
		D1000000000000A00000000 /* Debug */ = {
			isa = XCBuildConfiguration;
			buildSettings = {
				ARCHS = "$(ARCHS_STANDARD)";
				CLANG_ENABLE_OBJC_ARC = YES;
				CODE_SIGNING_ALLOWED = NO;
				DEBUG_INFORMATION_FORMAT = dwarf;
				INFOPLIST_FILE = MatrixRainVideoSaver/Info.plist;
				MACOSX_DEPLOYMENT_TARGET = 11.0;
				PRODUCT_BUNDLE_IDENTIFIER = com.matrixy.videosaver;
				PRODUCT_NAME = MatrixRainVideoSaver;
				SKIP_INSTALL = NO;
				SWIFT_VERSION = 5.0;
				WRAPPER_EXTENSION = saver;
			};
			name = Debug;
		};
		D1000000000000A00000001 /* Release */ = {
			isa = XCBuildConfiguration;
			buildSettings = {
				ARCHS = "$(ARCHS_STANDARD)";
				CLANG_ENABLE_OBJC_ARC = YES;
				CODE_SIGNING_ALLOWED = NO;
				INFOPLIST_FILE = MatrixRainVideoSaver/Info.plist;
				MACOSX_DEPLOYMENT_TARGET = 11.0;
				PRODUCT_BUNDLE_IDENTIFIER = com.matrixy.videosaver;
				PRODUCT_NAME = MatrixRainVideoSaver;
				SKIP_INSTALL = NO;
				SWIFT_VERSION = 5.0;
				WRAPPER_EXTENSION = saver;
			};
			name = Release;
		};
/* End XCBuildConfiguration section */

/* Begin XCConfigurationList section */
		A1000000000000700000001 /* Build configuration list for PBXProject "MatrixRain" */ = {
			isa = XCConfigurationList;
			buildConfigurations = (
				A1000000000000A00000002 /* Debug */,
				A1000000000000A00000003 /* Release */,
			);
			defaultConfigurationIsVisible = 0;
			defaultConfigurationName = Release;
		};
		B1000000000000700000000 /* Build configuration list for PBXNativeTarget "MatrixRainApp" */ = {
			isa = XCConfigurationList;
			buildConfigurations = (
				B1000000000000A00000000 /* Debug */,
				B1000000000000A00000001 /* Release */,
			);
			defaultConfigurationIsVisible = 0;
			defaultConfigurationName = Release;
		};
		D1000000000000700000000 /* Build configuration list for PBXNativeTarget "MatrixRainVideoSaver" */ = {
			isa = XCConfigurationList;
			buildConfigurations = (
				D1000000000000A00000000 /* Debug */,
				D1000000000000A00000001 /* Release */,
			);
			defaultConfigurationIsVisible = 0;
			defaultConfigurationName = Release;
		};
/* End XCConfigurationList section */
	};
	rootObject = A1000000000000900000000 /* Project object */;
}
